
Microsoft Visual Studio Solution File, Format Version 12.00
# Visual Studio Version 17
VisualStudioVersion = 17.5.002.0
MinimumVisualStudioVersion = 10.0.40219.1
Project("{9A19103F-16F7-4668-BE54-9A1E7A4F7556}") = "ThrownForALoop", "ThrownForALoop.csproj", "{72E24CDF-812E-41EA-80AB-CDF99384EBBA}"
EndProject
Global
	GlobalSection(SolutionConfigurationPlatforms) = preSolution
		Debug|Any CPU = Debug|Any CPU
		Release|Any CPU = Release|Any CPU
	EndGlobalSection
	GlobalSection(ProjectConfigurationPlatforms) = postSolution
		{72E24CDF-812E-41EA-80AB-CDF99384EBBA}.Debug|Any CPU.ActiveCfg = Debug|Any CPU
		{72E24CDF-812E-41EA-80AB-CDF99384EBBA}.Debug|Any CPU.Build.0 = Debug|Any CPU
		{72E24CDF-812E-41EA-80AB-CDF99384EBBA}.Release|Any CPU.ActiveCfg = Release|Any CPU
		{72E24CDF-812E-41EA-80AB-CDF99384EBBA}.Release|Any CPU.Build.0 = Release|Any CPU
	EndGlobalSection
	GlobalSection(SolutionProperties) = preSolution
		HideSolutionNode = FALSE
	EndGlobalSection
	GlobalSection(ExtensibilityGlobals) = postSolution
		SolutionGuid = {E83D7C2A-DE3E-4E66-9767-094B8E171BA9}
	EndGlobalSection
EndGlobal
